
Microsoft Visual Studio Solution File, Format Version 12.00
# Visual Studio 15
Project("{FAE04EC0-301F-11D3-BF4B-00C04F79EFBC}") = "Assembly-CSharp", "Assembly-CSharp.csproj", "{0A648A89-305C-B1E1-E221-CFA798047D48}"
EndProject
Project("{FAE04EC0-301F-11D3-BF4B-00C04F79EFBC}") = "DebugMenu", "DebugMenu.csproj", "{A4CB0292-7EC5-B262-7DF7-2CD93775ACB2}"
EndProject
Project("{FAE04EC0-301F-11D3-BF4B-00C04F79EFBC}") = "ABManager", "ABManager.csproj", "{7340122D-2925-4E65-1743-48CFD9FC8E08}"
EndProject
Global
	GlobalSection(SolutionConfigurationPlatforms) = preSolution
		Debug|Any CPU = Debug|Any CPU
		Release|Any CPU = Release|Any CPU
	EndGlobalSection
	GlobalSection(ProjectConfigurationPlatforms) = postSolution
		{0A648A89-305C-B1E1-E221-CFA798047D48}.Debug|Any CPU.ActiveCfg = Debug|Any CPU
		{0A648A89-305C-B1E1-E221-CFA798047D48}.Debug|Any CPU.Build.0 = Debug|Any CPU
		{0A648A89-305C-B1E1-E221-CFA798047D48}.Release|Any CPU.ActiveCfg = Release|Any CPU
		{0A648A89-305C-B1E1-E221-CFA798047D48}.Release|Any CPU.Build.0 = Release|Any CPU
		{A4CB0292-7EC5-B262-7DF7-2CD93775ACB2}.Debug|Any CPU.ActiveCfg = Debug|Any CPU
		{A4CB0292-7EC5-B262-7DF7-2CD93775ACB2}.Debug|Any CPU.Build.0 = Debug|Any CPU
		{A4CB0292-7EC5-B262-7DF7-2CD93775ACB2}.Release|Any CPU.ActiveCfg = Release|Any CPU
		{A4CB0292-7EC5-B262-7DF7-2CD93775ACB2}.Release|Any CPU.Build.0 = Release|Any CPU
		{7340122D-2925-4E65-1743-48CFD9FC8E08}.Debug|Any CPU.ActiveCfg = Debug|Any CPU
		{7340122D-2925-4E65-1743-48CFD9FC8E08}.Debug|Any CPU.Build.0 = Debug|Any CPU
		{7340122D-2925-4E65-1743-48CFD9FC8E08}.Release|Any CPU.ActiveCfg = Release|Any CPU
		{7340122D-2925-4E65-1743-48CFD9FC8E08}.Release|Any CPU.Build.0 = Release|Any CPU
	EndGlobalSection
	GlobalSection(SolutionProperties) = preSolution
		HideSolutionNode = FALSE
	EndGlobalSection
	GlobalSection(MonoDevelopProperties) = preSolution
		StartupItem = Assembly-CSharp.csproj
	EndGlobalSection
EndGlobal
